// !$*UTF8*$!
{
	archiveVersion = 1;
	classes = {
	};
	objectVersion = 46;
	objects = {

/* Begin PBXBuildFile section */
		3C7A2AEE177A47F500099873 /* MenuScene.m in Sources */ = {isa = PBXBuildFile; fileRef = 3C7A2AED177A47F500099873 /* MenuScene.m */; };
		3C7A2AF1177A499B00099873 /* GameScene.m in Sources */ = {isa = PBXBuildFile; fileRef = 3C7A2AF0177A499B00099873 /* GameScene.m */; };
		3C7A2AF6177A4D5200099873 /* SpriteKit.framework in Frameworks */ = {isa = PBXBuildFile; fileRef = 3C7A2AF5177A4D5200099873 /* SpriteKit.framework */; };
		3C7A2AFA177A4EA700099873 /* PHTile.m in Sources */ = {isa = PBXBuildFile; fileRef = 3C7A2AF9177A4EA700099873 /* PHTile.m */; };
		3C7A2AFD177A4FFD00099873 /* PHCorridor.m in Sources */ = {isa = PBXBuildFile; fileRef = 3C7A2AFC177A4FFD00099873 /* PHCorridor.m */; };
		3C7A2B00177A508500099873 /* PHTileFactory.m in Sources */ = {isa = PBXBuildFile; fileRef = 3C7A2AFF177A508500099873 /* PHTileFactory.m */; };
		3C7A2B04177A582100099873 /* PHProperties.m in Sources */ = {isa = PBXBuildFile; fileRef = 3C7A2B03177A582100099873 /* PHProperties.m */; };
		3CD9F6581778A52700BB009E /* UIKit.framework in Frameworks */ = {isa = PBXBuildFile; fileRef = 3CD9F6571778A52700BB009E /* UIKit.framework */; };
		3CD9F65A1778A52700BB009E /* Foundation.framework in Frameworks */ = {isa = PBXBuildFile; fileRef = 3CD9F6591778A52700BB009E /* Foundation.framework */; };
		3CD9F65C1778A52700BB009E /* CoreGraphics.framework in Frameworks */ = {isa = PBXBuildFile; fileRef = 3CD9F65B1778A52700BB009E /* CoreGraphics.framework */; };
		3CD9F6621778A52700BB009E /* InfoPlist.strings in Resources */ = {isa = PBXBuildFile; fileRef = 3CD9F6601778A52700BB009E /* InfoPlist.strings */; };
		3CD9F6641778A52700BB009E /* main.m in Sources */ = {isa = PBXBuildFile; fileRef = 3CD9F6631778A52700BB009E /* main.m */; };
		3CD9F6681778A52700BB009E /* AppDelegate.m in Sources */ = {isa = PBXBuildFile; fileRef = 3CD9F6671778A52700BB009E /* AppDelegate.m */; };
		3CD9F66A1778A52700BB009E /* Default.png in Resources */ = {isa = PBXBuildFile; fileRef = 3CD9F6691778A52700BB009E /* Default.png */; };
		3CD9F66C1778A52700BB009E /* Default@2x.png in Resources */ = {isa = PBXBuildFile; fileRef = 3CD9F66B1778A52700BB009E /* Default@2x.png */; };
		3CD9F66E1778A52700BB009E /* Default-568h@2x.png in Resources */ = {isa = PBXBuildFile; fileRef = 3CD9F66D1778A52700BB009E /* Default-568h@2x.png */; };
		3CD9F6711778A52700BB009E /* MainStoryboard.storyboard in Resources */ = {isa = PBXBuildFile; fileRef = 3CD9F66F1778A52700BB009E /* MainStoryboard.storyboard */; };
		3CD9F6741778A52700BB009E /* ViewController.m in Sources */ = {isa = PBXBuildFile; fileRef = 3CD9F6731778A52700BB009E /* ViewController.m */; };
		B505A9B4179FBAD0007ADADA /* bg2.png in Resources */ = {isa = PBXBuildFile; fileRef = B505A9B3179FBAD0007ADADA /* bg2.png */; };
		B512F1A9199CFFCE001BC8DB /* pauseMenu.png in Resources */ = {isa = PBXBuildFile; fileRef = B512F1A8199CFFCE001BC8DB /* pauseMenu.png */; };
		B512F1AC199D01F5001BC8DB /* menuButton.png in Resources */ = {isa = PBXBuildFile; fileRef = B512F1AA199D01F5001BC8DB /* menuButton.png */; };
		B512F1AD199D01F5001BC8DB /* playButton.png in Resources */ = {isa = PBXBuildFile; fileRef = B512F1AB199D01F5001BC8DB /* playButton.png */; };
		B512F1AF199D0783001BC8DB /* restartButton.png in Resources */ = {isa = PBXBuildFile; fileRef = B512F1AE199D0783001BC8DB /* restartButton.png */; };
		B512F1B1199D0AF9001BC8DB /* panel.png in Resources */ = {isa = PBXBuildFile; fileRef = B512F1B0199D0AF9001BC8DB /* panel.png */; };
		B51CE49E1929564900CF7AAE /* Images.xcassets in Resources */ = {isa = PBXBuildFile; fileRef = B51CE49D1929564900CF7AAE /* Images.xcassets */; };
		B51DE9EF17CB0D840079468C /* SummaryScene.m in Sources */ = {isa = PBXBuildFile; fileRef = B51DE9EE17CB0D840079468C /* SummaryScene.m */; };
		B520951719A601F700910771 /* blackTile.png in Resources */ = {isa = PBXBuildFile; fileRef = B520951619A601F700910771 /* blackTile.png */; };
		B520951919A606E700910771 /* menu.m4a in Resources */ = {isa = PBXBuildFile; fileRef = B520951819A606E700910771 /* menu.m4a */; };
		B520951D19A6083100910771 /* MusicManager.m in Sources */ = {isa = PBXBuildFile; fileRef = B520951C19A6083100910771 /* MusicManager.m */; };
		B529226F18CBE81400DDD47F /* GameKit.framework in Frameworks */ = {isa = PBXBuildFile; fileRef = B529226E18CBE81400DDD47F /* GameKit.framework */; };
		B52B1D2E1848E86500398BA9 /* purpleTile.png in Resources */ = {isa = PBXBuildFile; fileRef = B52B1D291848E86500398BA9 /* purpleTile.png */; };
		B52C73A018CBC64A0004ED33 /* AVFoundation.framework in Frameworks */ = {isa = PBXBuildFile; fileRef = B52C739F18CBC64A0004ED33 /* AVFoundation.framework */; };
		B52C73A218CBC6F80004ED33 /* patternMenuMusic.aif in Resources */ = {isa = PBXBuildFile; fileRef = B52C73A118CBC6F80004ED33 /* patternMenuMusic.aif */; };
		B532235819913BE2003FE96D /* iAd.framework in Frameworks */ = {isa = PBXBuildFile; fileRef = B532235719913BE2003FE96D /* iAd.framework */; };
		B5466E1F184BC1EE003D0748 /* PHPattern.m in Sources */ = {isa = PBXBuildFile; fileRef = B5466E1E184BC1EE003D0748 /* PHPattern.m */; };
		B56BEE7919A4DD9300711D61 /* DataManager.m in Sources */ = {isa = PBXBuildFile; fileRef = B56BEE7819A4DD9300711D61 /* DataManager.m */; };
		B56BEE7C19A4DE7300711D61 /* Quest.m in Sources */ = {isa = PBXBuildFile; fileRef = B56BEE7B19A4DE7300711D61 /* Quest.m */; };
		B56BEE7E19A4E95900711D61 /* QuestsList.plist in Resources */ = {isa = PBXBuildFile; fileRef = B56BEE7D19A4E95900711D61 /* QuestsList.plist */; };
		B58DC5E618CE896500CD9D38 /* NetworkHelper.m in Sources */ = {isa = PBXBuildFile; fileRef = B58DC5E518CE896500CD9D38 /* NetworkHelper.m */; };
		B5981ACC19A29A76001EE0C2 /* centerStarEmpty.png in Resources */ = {isa = PBXBuildFile; fileRef = B5981AC519A29A76001EE0C2 /* centerStarEmpty.png */; };
		B5981ACD19A29A76001EE0C2 /* centerStarFull.png in Resources */ = {isa = PBXBuildFile; fileRef = B5981AC619A29A76001EE0C2 /* centerStarFull.png */; };
		B5981ACE19A29A76001EE0C2 /* gameover.png in Resources */ = {isa = PBXBuildFile; fileRef = B5981AC719A29A76001EE0C2 /* gameover.png */; };
		B5981ACF19A29A76001EE0C2 /* leftStarEmpty.png in Resources */ = {isa = PBXBuildFile; fileRef = B5981AC819A29A76001EE0C2 /* leftStarEmpty.png */; };
		B5981AD019A29A76001EE0C2 /* leftStarFull.png in Resources */ = {isa = PBXBuildFile; fileRef = B5981AC919A29A76001EE0C2 /* leftStarFull.png */; };
		B5981AD119A29A76001EE0C2 /* rightStarEmpty.png in Resources */ = {isa = PBXBuildFile; fileRef = B5981ACA19A29A76001EE0C2 /* rightStarEmpty.png */; };
		B5981AD219A29A76001EE0C2 /* rightStarFull.png in Resources */ = {isa = PBXBuildFile; fileRef = B5981ACB19A29A76001EE0C2 /* rightStarFull.png */; };
		B5981AD419A3BF83001EE0C2 /* quest.png in Resources */ = {isa = PBXBuildFile; fileRef = B5981AD319A3BF83001EE0C2 /* quest.png */; };
		B5981AD719A3CC47001EE0C2 /* PatternData.xcdatamodeld in Sources */ = {isa = PBXBuildFile; fileRef = B5981AD519A3CC47001EE0C2 /* PatternData.xcdatamodeld */; };
		B5981AD919A3CC57001EE0C2 /* CoreData.framework in Frameworks */ = {isa = PBXBuildFile; fileRef = B5981AD819A3CC57001EE0C2 /* CoreData.framework */; };
		B59E64C418EBE97800B77E4E /* wood_bg.jpg in Resources */ = {isa = PBXBuildFile; fileRef = B59E64C318EBE97800B77E4E /* wood_bg.jpg */; };
		B5A72007179DDEDA00F88EFB /* LevelManager.m in Sources */ = {isa = PBXBuildFile; fileRef = B5A72006179DDEDA00F88EFB /* LevelManager.m */; };
		B5ABBF831992BA1000BE6F84 /* stroke.png in Resources */ = {isa = PBXBuildFile; fileRef = B5ABBF821992BA1000BE6F84 /* stroke.png */; };
		B5B9BCDA199BA29B0061E821 /* blueTile.png in Resources */ = {isa = PBXBuildFile; fileRef = B5B9BCD6199BA29B0061E821 /* blueTile.png */; };
		B5B9BCDB199BA29B0061E821 /* greenTile.png in Resources */ = {isa = PBXBuildFile; fileRef = B5B9BCD7199BA29B0061E821 /* greenTile.png */; };
		B5B9BCDC199BA29B0061E821 /* orangeTile.png in Resources */ = {isa = PBXBuildFile; fileRef = B5B9BCD8199BA29B0061E821 /* orangeTile.png */; };
		B5B9BCDD199BA29B0061E821 /* redTile.png in Resources */ = {isa = PBXBuildFile; fileRef = B5B9BCD9199BA29B0061E821 /* redTile.png */; };
		B5B9BCE1199BAC570061E821 /* background.png in Resources */ = {isa = PBXBuildFile; fileRef = B5B9BCDE199BAC570061E821 /* background.png */; };
		B5B9BCE2199BAC570061E821 /* headerLogo.png in Resources */ = {isa = PBXBuildFile; fileRef = B5B9BCDF199BAC570061E821 /* headerLogo.png */; };
		B5B9BCEA199BAEAC0061E821 /* leaderboardButton.png in Resources */ = {isa = PBXBuildFile; fileRef = B5B9BCE5199BAEAC0061E821 /* leaderboardButton.png */; };
		B5B9BCEB199BAEAC0061E821 /* multiplayerButton.png in Resources */ = {isa = PBXBuildFile; fileRef = B5B9BCE6199BAEAC0061E821 /* multiplayerButton.png */; };
		B5B9BCEC199BAEAC0061E821 /* muteOffButton.png in Resources */ = {isa = PBXBuildFile; fileRef = B5B9BCE7199BAEAC0061E821 /* muteOffButton.png */; };
		B5B9BCED199BAEAC0061E821 /* muteOnButton.png in Resources */ = {isa = PBXBuildFile; fileRef = B5B9BCE8199BAEAC0061E821 /* muteOnButton.png */; };
		B5B9BCEE199BAEAC0061E821 /* singleButton.png in Resources */ = {isa = PBXBuildFile; fileRef = B5B9BCE9199BAEAC0061E821 /* singleButton.png */; };
		B5B9BCF2199BB87F0061E821 /* pauseButton.png in Resources */ = {isa = PBXBuildFile; fileRef = B5B9BCF1199BB87F0061E821 /* pauseButton.png */; };
		B5B9BCF5199BBA500061E821 /* CarterOne.ttf in Resources */ = {isa = PBXBuildFile; fileRef = B5B9BCF4199BB9570061E821 /* CarterOne.ttf */; };
		B5C9486D17A65D15008EBCC6 /* ScoreBoardNode.m in Sources */ = {isa = PBXBuildFile; fileRef = B5C9486C17A65D15008EBCC6 /* ScoreBoardNode.m */; };
		B5CC117117972952006BB1F6 /* bos_kadran.png in Resources */ = {isa = PBXBuildFile; fileRef = B5CC116F17972952006BB1F6 /* bos_kadran.png */; };
		B5CC117217972952006BB1F6 /* meter_Icon.png in Resources */ = {isa = PBXBuildFile; fileRef = B5CC117017972952006BB1F6 /* meter_Icon.png */; };
		B5E6677E18B3724E009835B4 /* GCHelper.m in Sources */ = {isa = PBXBuildFile; fileRef = B5E6677D18B3724E009835B4 /* GCHelper.m */; };
		B5E6678118B372DC009835B4 /* User.m in Sources */ = {isa = PBXBuildFile; fileRef = B5E6678018B372DC009835B4 /* User.m */; };
		B5ED8B551783F159000BDE77 /* StoreKit.framework in Frameworks */ = {isa = PBXBuildFile; fileRef = B5ED8B541783F159000BDE77 /* StoreKit.framework */; };
/* End PBXBuildFile section */

/* Begin PBXFileReference section */
		3C7A2AEC177A47F500099873 /* MenuScene.h */ = {isa = PBXFileReference; fileEncoding = 4; lastKnownFileType = sourcecode.c.h; path = MenuScene.h; sourceTree = "<group>"; };
		3C7A2AED177A47F500099873 /* MenuScene.m */ = {isa = PBXFileReference; fileEncoding = 4; lastKnownFileType = sourcecode.c.objc; path = MenuScene.m; sourceTree = "<group>"; };
		3C7A2AEF177A499B00099873 /* GameScene.h */ = {isa = PBXFileReference; fileEncoding = 4; lastKnownFileType = sourcecode.c.h; path = GameScene.h; sourceTree = "<group>"; };
		3C7A2AF0177A499B00099873 /* GameScene.m */ = {isa = PBXFileReference; fileEncoding = 4; lastKnownFileType = sourcecode.c.objc; path = GameScene.m; sourceTree = "<group>"; };
		3C7A2AF5177A4D5200099873 /* SpriteKit.framework */ = {isa = PBXFileReference; lastKnownFileType = wrapper.framework; name = SpriteKit.framework; path = System/Library/Frameworks/SpriteKit.framework; sourceTree = SDKROOT; };
		3C7A2AF8177A4EA700099873 /* PHTile.h */ = {isa = PBXFileReference; fileEncoding = 4; lastKnownFileType = sourcecode.c.h; path = PHTile.h; sourceTree = "<group>"; };
		3C7A2AF9177A4EA700099873 /* PHTile.m */ = {isa = PBXFileReference; fileEncoding = 4; lastKnownFileType = sourcecode.c.objc; path = PHTile.m; sourceTree = "<group>"; };
		3C7A2AFB177A4FFD00099873 /* PHCorridor.h */ = {isa = PBXFileReference; fileEncoding = 4; lastKnownFileType = sourcecode.c.h; path = PHCorridor.h; sourceTree = "<group>"; };
		3C7A2AFC177A4FFD00099873 /* PHCorridor.m */ = {isa = PBXFileReference; fileEncoding = 4; lastKnownFileType = sourcecode.c.objc; path = PHCorridor.m; sourceTree = "<group>"; };
		3C7A2AFE177A508500099873 /* PHTileFactory.h */ = {isa = PBXFileReference; fileEncoding = 4; lastKnownFileType = sourcecode.c.h; path = PHTileFactory.h; sourceTree = "<group>"; };
		3C7A2AFF177A508500099873 /* PHTileFactory.m */ = {isa = PBXFileReference; fileEncoding = 4; lastKnownFileType = sourcecode.c.objc; path = PHTileFactory.m; sourceTree = "<group>"; };
		3C7A2B02177A582100099873 /* PHProperties.h */ = {isa = PBXFileReference; fileEncoding = 4; lastKnownFileType = sourcecode.c.h; path = PHProperties.h; sourceTree = "<group>"; };
		3C7A2B03177A582100099873 /* PHProperties.m */ = {isa = PBXFileReference; fileEncoding = 4; lastKnownFileType = sourcecode.c.objc; path = PHProperties.m; sourceTree = "<group>"; };
		3CD9F6541778A52700BB009E /* PatternHunt.app */ = {isa = PBXFileReference; explicitFileType = wrapper.application; includeInIndex = 0; path = PatternHunt.app; sourceTree = BUILT_PRODUCTS_DIR; };
		3CD9F6571778A52700BB009E /* UIKit.framework */ = {isa = PBXFileReference; lastKnownFileType = wrapper.framework; name = UIKit.framework; path = System/Library/Frameworks/UIKit.framework; sourceTree = SDKROOT; };
		3CD9F6591778A52700BB009E /* Foundation.framework */ = {isa = PBXFileReference; lastKnownFileType = wrapper.framework; name = Foundation.framework; path = System/Library/Frameworks/Foundation.framework; sourceTree = SDKROOT; };
		3CD9F65B1778A52700BB009E /* CoreGraphics.framework */ = {isa = PBXFileReference; lastKnownFileType = wrapper.framework; name = CoreGraphics.framework; path = System/Library/Frameworks/CoreGraphics.framework; sourceTree = SDKROOT; };
		3CD9F65F1778A52700BB009E /* PatternHunt-Info.plist */ = {isa = PBXFileReference; lastKnownFileType = text.plist.xml; path = "PatternHunt-Info.plist"; sourceTree = "<group>"; };
		3CD9F6611778A52700BB009E /* en */ = {isa = PBXFileReference; lastKnownFileType = text.plist.strings; name = en; path = en.lproj/InfoPlist.strings; sourceTree = "<group>"; };
		3CD9F6631778A52700BB009E /* main.m */ = {isa = PBXFileReference; lastKnownFileType = sourcecode.c.objc; path = main.m; sourceTree = "<group>"; };
		3CD9F6651778A52700BB009E /* PatternHunt-Prefix.pch */ = {isa = PBXFileReference; lastKnownFileType = sourcecode.c.h; path = "PatternHunt-Prefix.pch"; sourceTree = "<group>"; };
		3CD9F6661778A52700BB009E /* AppDelegate.h */ = {isa = PBXFileReference; lastKnownFileType = sourcecode.c.h; path = AppDelegate.h; sourceTree = "<group>"; };
		3CD9F6671778A52700BB009E /* AppDelegate.m */ = {isa = PBXFileReference; lastKnownFileType = sourcecode.c.objc; path = AppDelegate.m; sourceTree = "<group>"; };
		3CD9F6691778A52700BB009E /* Default.png */ = {isa = PBXFileReference; lastKnownFileType = image.png; path = Default.png; sourceTree = "<group>"; };
		3CD9F66B1778A52700BB009E /* Default@2x.png */ = {isa = PBXFileReference; lastKnownFileType = image.png; path = "Default@2x.png"; sourceTree = "<group>"; };
		3CD9F66D1778A52700BB009E /* Default-568h@2x.png */ = {isa = PBXFileReference; lastKnownFileType = image.png; path = "Default-568h@2x.png"; sourceTree = "<group>"; };
		3CD9F6701778A52700BB009E /* en */ = {isa = PBXFileReference; lastKnownFileType = file.storyboard; name = en; path = en.lproj/MainStoryboard.storyboard; sourceTree = "<group>"; };
		3CD9F6721778A52700BB009E /* ViewController.h */ = {isa = PBXFileReference; lastKnownFileType = sourcecode.c.h; path = ViewController.h; sourceTree = "<group>"; };
		3CD9F6731778A52700BB009E /* ViewController.m */ = {isa = PBXFileReference; lastKnownFileType = sourcecode.c.objc; path = ViewController.m; sourceTree = "<group>"; };
		B505A9B3179FBAD0007ADADA /* bg2.png */ = {isa = PBXFileReference; lastKnownFileType = image.png; path = bg2.png; sourceTree = "<group>"; };
		B512F1A8199CFFCE001BC8DB /* pauseMenu.png */ = {isa = PBXFileReference; lastKnownFileType = image.png; path = pauseMenu.png; sourceTree = "<group>"; };
		B512F1AA199D01F5001BC8DB /* menuButton.png */ = {isa = PBXFileReference; lastKnownFileType = image.png; path = menuButton.png; sourceTree = "<group>"; };
		B512F1AB199D01F5001BC8DB /* playButton.png */ = {isa = PBXFileReference; lastKnownFileType = image.png; path = playButton.png; sourceTree = "<group>"; };
		B512F1AE199D0783001BC8DB /* restartButton.png */ = {isa = PBXFileReference; lastKnownFileType = image.png; path = restartButton.png; sourceTree = "<group>"; };
		B512F1B0199D0AF9001BC8DB /* panel.png */ = {isa = PBXFileReference; lastKnownFileType = image.png; path = panel.png; sourceTree = "<group>"; };
		B51CE49D1929564900CF7AAE /* Images.xcassets */ = {isa = PBXFileReference; lastKnownFileType = folder.assetcatalog; path = Images.xcassets; sourceTree = "<group>"; };
		B51DE9ED17CB0D840079468C /* SummaryScene.h */ = {isa = PBXFileReference; fileEncoding = 4; lastKnownFileType = sourcecode.c.h; path = SummaryScene.h; sourceTree = "<group>"; };
		B51DE9EE17CB0D840079468C /* SummaryScene.m */ = {isa = PBXFileReference; fileEncoding = 4; lastKnownFileType = sourcecode.c.objc; path = SummaryScene.m; sourceTree = "<group>"; };
		B520951619A601F700910771 /* blackTile.png */ = {isa = PBXFileReference; lastKnownFileType = image.png; name = blackTile.png; path = ../../../../Dropbox/projects/patternhunt/tiles/blackTile.png; sourceTree = "<group>"; };
		B520951819A606E700910771 /* menu.m4a */ = {isa = PBXFileReference; lastKnownFileType = file; path = menu.m4a; sourceTree = "<group>"; };
		B520951B19A6083100910771 /* MusicManager.h */ = {isa = PBXFileReference; fileEncoding = 4; lastKnownFileType = sourcecode.c.h; path = MusicManager.h; sourceTree = "<group>"; };
		B520951C19A6083100910771 /* MusicManager.m */ = {isa = PBXFileReference; fileEncoding = 4; lastKnownFileType = sourcecode.c.objc; path = MusicManager.m; sourceTree = "<group>"; };
		B529226E18CBE81400DDD47F /* GameKit.framework */ = {isa = PBXFileReference; lastKnownFileType = wrapper.framework; name = GameKit.framework; path = System/Library/Frameworks/GameKit.framework; sourceTree = SDKROOT; };
		B52B1D291848E86500398BA9 /* purpleTile.png */ = {isa = PBXFileReference; lastKnownFileType = image.png; path = purpleTile.png; sourceTree = "<group>"; };
		B52C739F18CBC64A0004ED33 /* AVFoundation.framework */ = {isa = PBXFileReference; lastKnownFileType = wrapper.framework; name = AVFoundation.framework; path = System/Library/Frameworks/AVFoundation.framework; sourceTree = SDKROOT; };
		B52C73A118CBC6F80004ED33 /* patternMenuMusic.aif */ = {isa = PBXFileReference; lastKnownFileType = file; path = patternMenuMusic.aif; sourceTree = "<group>"; };
		B532235719913BE2003FE96D /* iAd.framework */ = {isa = PBXFileReference; lastKnownFileType = wrapper.framework; name = iAd.framework; path = System/Library/Frameworks/iAd.framework; sourceTree = SDKROOT; };
		B5466E1D184BC1EE003D0748 /* PHPattern.h */ = {isa = PBXFileReference; fileEncoding = 4; lastKnownFileType = sourcecode.c.h; path = PHPattern.h; sourceTree = "<group>"; };
		B5466E1E184BC1EE003D0748 /* PHPattern.m */ = {isa = PBXFileReference; fileEncoding = 4; lastKnownFileType = sourcecode.c.objc; path = PHPattern.m; sourceTree = "<group>"; };
		B56BEE7719A4DD9300711D61 /* DataManager.h */ = {isa = PBXFileReference; fileEncoding = 4; lastKnownFileType = sourcecode.c.h; path = DataManager.h; sourceTree = "<group>"; };
		B56BEE7819A4DD9300711D61 /* DataManager.m */ = {isa = PBXFileReference; fileEncoding = 4; lastKnownFileType = sourcecode.c.objc; path = DataManager.m; sourceTree = "<group>"; };
		B56BEE7A19A4DE7300711D61 /* Quest.h */ = {isa = PBXFileReference; fileEncoding = 4; lastKnownFileType = sourcecode.c.h; path = Quest.h; sourceTree = "<group>"; };
		B56BEE7B19A4DE7300711D61 /* Quest.m */ = {isa = PBXFileReference; fileEncoding = 4; lastKnownFileType = sourcecode.c.objc; path = Quest.m; sourceTree = "<group>"; };
		B56BEE7D19A4E95900711D61 /* QuestsList.plist */ = {isa = PBXFileReference; fileEncoding = 4; lastKnownFileType = text.plist.xml; path = QuestsList.plist; sourceTree = "<group>"; };
		B58DC5E418CE896500CD9D38 /* NetworkHelper.h */ = {isa = PBXFileReference; fileEncoding = 4; lastKnownFileType = sourcecode.c.h; path = NetworkHelper.h; sourceTree = "<group>"; };
		B58DC5E518CE896500CD9D38 /* NetworkHelper.m */ = {isa = PBXFileReference; fileEncoding = 4; lastKnownFileType = sourcecode.c.objc; path = NetworkHelper.m; sourceTree = "<group>"; };
		B5981AC519A29A76001EE0C2 /* centerStarEmpty.png */ = {isa = PBXFileReference; lastKnownFileType = image.png; path = centerStarEmpty.png; sourceTree = "<group>"; };
		B5981AC619A29A76001EE0C2 /* centerStarFull.png */ = {isa = PBXFileReference; lastKnownFileType = image.png; path = centerStarFull.png; sourceTree = "<group>"; };
		B5981AC719A29A76001EE0C2 /* gameover.png */ = {isa = PBXFileReference; lastKnownFileType = image.png; path = gameover.png; sourceTree = "<group>"; };
		B5981AC819A29A76001EE0C2 /* leftStarEmpty.png */ = {isa = PBXFileReference; lastKnownFileType = image.png; path = leftStarEmpty.png; sourceTree = "<group>"; };
		B5981AC919A29A76001EE0C2 /* leftStarFull.png */ = {isa = PBXFileReference; lastKnownFileType = image.png; path = leftStarFull.png; sourceTree = "<group>"; };
		B5981ACA19A29A76001EE0C2 /* rightStarEmpty.png */ = {isa = PBXFileReference; lastKnownFileType = image.png; path = rightStarEmpty.png; sourceTree = "<group>"; };
		B5981ACB19A29A76001EE0C2 /* rightStarFull.png */ = {isa = PBXFileReference; lastKnownFileType = image.png; path = rightStarFull.png; sourceTree = "<group>"; };
		B5981AD319A3BF83001EE0C2 /* quest.png */ = {isa = PBXFileReference; lastKnownFileType = image.png; path = quest.png; sourceTree = "<group>"; };
		B5981AD619A3CC47001EE0C2 /* PatternData.xcdatamodel */ = {isa = PBXFileReference; lastKnownFileType = wrapper.xcdatamodel; path = PatternData.xcdatamodel; sourceTree = "<group>"; };
		B5981AD819A3CC57001EE0C2 /* CoreData.framework */ = {isa = PBXFileReference; lastKnownFileType = wrapper.framework; name = CoreData.framework; path = System/Library/Frameworks/CoreData.framework; sourceTree = SDKROOT; };
		B59E64C318EBE97800B77E4E /* wood_bg.jpg */ = {isa = PBXFileReference; lastKnownFileType = image.jpeg; path = wood_bg.jpg; sourceTree = "<group>"; };
		B5A72005179DDEDA00F88EFB /* LevelManager.h */ = {isa = PBXFileReference; fileEncoding = 4; lastKnownFileType = sourcecode.c.h; path = LevelManager.h; sourceTree = "<group>"; };
		B5A72006179DDEDA00F88EFB /* LevelManager.m */ = {isa = PBXFileReference; fileEncoding = 4; lastKnownFileType = sourcecode.c.objc; path = LevelManager.m; sourceTree = "<group>"; };
		B5ABBF821992BA1000BE6F84 /* stroke.png */ = {isa = PBXFileReference; lastKnownFileType = image.png; path = stroke.png; sourceTree = "<group>"; };
		B5B9BCD6199BA29B0061E821 /* blueTile.png */ = {isa = PBXFileReference; lastKnownFileType = image.png; path = blueTile.png; sourceTree = "<group>"; };
		B5B9BCD7199BA29B0061E821 /* greenTile.png */ = {isa = PBXFileReference; lastKnownFileType = image.png; path = greenTile.png; sourceTree = "<group>"; };
		B5B9BCD8199BA29B0061E821 /* orangeTile.png */ = {isa = PBXFileReference; lastKnownFileType = image.png; path = orangeTile.png; sourceTree = "<group>"; };
		B5B9BCD9199BA29B0061E821 /* redTile.png */ = {isa = PBXFileReference; lastKnownFileType = image.png; path = redTile.png; sourceTree = "<group>"; };
		B5B9BCDE199BAC570061E821 /* background.png */ = {isa = PBXFileReference; lastKnownFileType = image.png; path = background.png; sourceTree = "<group>"; };
		B5B9BCDF199BAC570061E821 /* headerLogo.png */ = {isa = PBXFileReference; lastKnownFileType = image.png; path = headerLogo.png; sourceTree = "<group>"; };
		B5B9BCE5199BAEAC0061E821 /* leaderboardButton.png */ = {isa = PBXFileReference; lastKnownFileType = image.png; path = leaderboardButton.png; sourceTree = "<group>"; };
		B5B9BCE6199BAEAC0061E821 /* multiplayerButton.png */ = {isa = PBXFileReference; lastKnownFileType = image.png; path = multiplayerButton.png; sourceTree = "<group>"; };
		B5B9BCE7199BAEAC0061E821 /* muteOffButton.png */ = {isa = PBXFileReference; lastKnownFileType = image.png; path = muteOffButton.png; sourceTree = "<group>"; };
		B5B9BCE8199BAEAC0061E821 /* muteOnButton.png */ = {isa = PBXFileReference; lastKnownFileType = image.png; path = muteOnButton.png; sourceTree = "<group>"; };
		B5B9BCE9199BAEAC0061E821 /* singleButton.png */ = {isa = PBXFileReference; lastKnownFileType = image.png; path = singleButton.png; sourceTree = "<group>"; };
		B5B9BCF1199BB87F0061E821 /* pauseButton.png */ = {isa = PBXFileReference; lastKnownFileType = image.png; path = pauseButton.png; sourceTree = "<group>"; };
		B5B9BCF4199BB9570061E821 /* CarterOne.ttf */ = {isa = PBXFileReference; lastKnownFileType = file; path = CarterOne.ttf; sourceTree = "<group>"; };
		B5C9486B17A65D15008EBCC6 /* ScoreBoardNode.h */ = {isa = PBXFileReference; fileEncoding = 4; lastKnownFileType = sourcecode.c.h; path = ScoreBoardNode.h; sourceTree = "<group>"; };
		B5C9486C17A65D15008EBCC6 /* ScoreBoardNode.m */ = {isa = PBXFileReference; fileEncoding = 4; lastKnownFileType = sourcecode.c.objc; path = ScoreBoardNode.m; sourceTree = "<group>"; };
		B5CC116F17972952006BB1F6 /* bos_kadran.png */ = {isa = PBXFileReference; lastKnownFileType = image.png; path = bos_kadran.png; sourceTree = "<group>"; };
		B5CC117017972952006BB1F6 /* meter_Icon.png */ = {isa = PBXFileReference; lastKnownFileType = image.png; path = meter_Icon.png; sourceTree = "<group>"; };
		B5E6677C18B3724D009835B4 /* GCHelper.h */ = {isa = PBXFileReference; fileEncoding = 4; lastKnownFileType = sourcecode.c.h; path = GCHelper.h; sourceTree = "<group>"; };
		B5E6677D18B3724E009835B4 /* GCHelper.m */ = {isa = PBXFileReference; fileEncoding = 4; lastKnownFileType = sourcecode.c.objc; path = GCHelper.m; sourceTree = "<group>"; };
		B5E6677F18B372DC009835B4 /* User.h */ = {isa = PBXFileReference; fileEncoding = 4; lastKnownFileType = sourcecode.c.h; path = User.h; sourceTree = "<group>"; };
		B5E6678018B372DC009835B4 /* User.m */ = {isa = PBXFileReference; fileEncoding = 4; lastKnownFileType = sourcecode.c.objc; path = User.m; sourceTree = "<group>"; };
		B5ED8B541783F159000BDE77 /* StoreKit.framework */ = {isa = PBXFileReference; lastKnownFileType = wrapper.framework; name = StoreKit.framework; path = System/Library/Frameworks/StoreKit.framework; sourceTree = SDKROOT; };
/* End PBXFileReference section */

/* Begin PBXFrameworksBuildPhase section */
		3CD9F6511778A52700BB009E /* Frameworks */ = {
			isa = PBXFrameworksBuildPhase;
			buildActionMask = 2147483647;
			files = (
				B5981AD919A3CC57001EE0C2 /* CoreData.framework in Frameworks */,
				B532235819913BE2003FE96D /* iAd.framework in Frameworks */,
				B52C73A018CBC64A0004ED33 /* AVFoundation.framework in Frameworks */,
				B5ED8B551783F159000BDE77 /* StoreKit.framework in Frameworks */,
				B529226F18CBE81400DDD47F /* GameKit.framework in Frameworks */,
				3C7A2AF6177A4D5200099873 /* SpriteKit.framework in Frameworks */,
				3CD9F6581778A52700BB009E /* UIKit.framework in Frameworks */,
				3CD9F65A1778A52700BB009E /* Foundation.framework in Frameworks */,
				3CD9F65C1778A52700BB009E /* CoreGraphics.framework in Frameworks */,
			);
			runOnlyForDeploymentPostprocessing = 0;
		};
/* End PBXFrameworksBuildPhase section */

/* Begin PBXGroup section */
		3C7A2AF2177A4A7400099873 /* Scenes */ = {
			isa = PBXGroup;
			children = (
				3C7A2AEC177A47F500099873 /* MenuScene.h */,
				3C7A2AED177A47F500099873 /* MenuScene.m */,
				3C7A2AEF177A499B00099873 /* GameScene.h */,
				3C7A2AF0177A499B00099873 /* GameScene.m */,
				B5C9486B17A65D15008EBCC6 /* ScoreBoardNode.h */,
				B5C9486C17A65D15008EBCC6 /* ScoreBoardNode.m */,
				B51DE9ED17CB0D840079468C /* SummaryScene.h */,
				B51DE9EE17CB0D840079468C /* SummaryScene.m */,
			);
			name = Scenes;
			sourceTree = "<group>";
		};
		3C7A2AF7177A4D8100099873 /* Objects */ = {
			isa = PBXGroup;
			children = (
				3C7A2AF8177A4EA700099873 /* PHTile.h */,
				3C7A2AF9177A4EA700099873 /* PHTile.m */,
				3C7A2AFB177A4FFD00099873 /* PHCorridor.h */,
				3C7A2AFC177A4FFD00099873 /* PHCorridor.m */,
				3C7A2AFE177A508500099873 /* PHTileFactory.h */,
				3C7A2AFF177A508500099873 /* PHTileFactory.m */,
				B5466E1D184BC1EE003D0748 /* PHPattern.h */,
				B5466E1E184BC1EE003D0748 /* PHPattern.m */,
				B5E6677F18B372DC009835B4 /* User.h */,
				B5E6678018B372DC009835B4 /* User.m */,
				B56BEE7A19A4DE7300711D61 /* Quest.h */,
				B56BEE7B19A4DE7300711D61 /* Quest.m */,
			);
			name = Objects;
			sourceTree = "<group>";
		};
		3C7A2B01177A520E00099873 /* Util */ = {
			isa = PBXGroup;
			children = (
				3C7A2B02177A582100099873 /* PHProperties.h */,
				3C7A2B03177A582100099873 /* PHProperties.m */,
				B5A72005179DDEDA00F88EFB /* LevelManager.h */,
				B5A72006179DDEDA00F88EFB /* LevelManager.m */,
				B5E6677C18B3724D009835B4 /* GCHelper.h */,
				B5E6677D18B3724E009835B4 /* GCHelper.m */,
				B58DC5E418CE896500CD9D38 /* NetworkHelper.h */,
				B58DC5E518CE896500CD9D38 /* NetworkHelper.m */,
				B5981AD519A3CC47001EE0C2 /* PatternData.xcdatamodeld */,
				B56BEE7719A4DD9300711D61 /* DataManager.h */,
				B56BEE7819A4DD9300711D61 /* DataManager.m */,
				B56BEE7D19A4E95900711D61 /* QuestsList.plist */,
				B520951B19A6083100910771 /* MusicManager.h */,
				B520951C19A6083100910771 /* MusicManager.m */,
			);
			name = Util;
			sourceTree = "<group>";
		};
		3CD9F64B1778A52700BB009E = {
			isa = PBXGroup;
			children = (
				3CD9F65D1778A52700BB009E /* PatternHunt */,
				3CD9F6561778A52700BB009E /* Frameworks */,
				3CD9F6551778A52700BB009E /* Products */,
			);
			sourceTree = "<group>";
		};
		3CD9F6551778A52700BB009E /* Products */ = {
			isa = PBXGroup;
			children = (
				3CD9F6541778A52700BB009E /* PatternHunt.app */,
			);
			name = Products;
			sourceTree = "<group>";
		};
		3CD9F6561778A52700BB009E /* Frameworks */ = {
			isa = PBXGroup;
			children = (
				B5981AD819A3CC57001EE0C2 /* CoreData.framework */,
				B532235719913BE2003FE96D /* iAd.framework */,
				B529226E18CBE81400DDD47F /* GameKit.framework */,
				B52C739F18CBC64A0004ED33 /* AVFoundation.framework */,
				B5ED8B541783F159000BDE77 /* StoreKit.framework */,
				3C7A2AF5177A4D5200099873 /* SpriteKit.framework */,
				3CD9F6571778A52700BB009E /* UIKit.framework */,
				3CD9F6591778A52700BB009E /* Foundation.framework */,
				3CD9F65B1778A52700BB009E /* CoreGraphics.framework */,
			);
			name = Frameworks;
			sourceTree = "<group>";
		};
		3CD9F65D1778A52700BB009E /* PatternHunt */ = {
			isa = PBXGroup;
			children = (
				B5CC116E17972945006BB1F6 /* resources */,
				3C7A2B01177A520E00099873 /* Util */,
				3C7A2AF7177A4D8100099873 /* Objects */,
				3C7A2AF2177A4A7400099873 /* Scenes */,
				3CD9F6661778A52700BB009E /* AppDelegate.h */,
				3CD9F6671778A52700BB009E /* AppDelegate.m */,
				3CD9F66F1778A52700BB009E /* MainStoryboard.storyboard */,
				3CD9F6721778A52700BB009E /* ViewController.h */,
				3CD9F6731778A52700BB009E /* ViewController.m */,
				B51CE49D1929564900CF7AAE /* Images.xcassets */,
				3CD9F65E1778A52700BB009E /* Supporting Files */,
			);
			path = PatternHunt;
			sourceTree = "<group>";
		};
		3CD9F65E1778A52700BB009E /* Supporting Files */ = {
			isa = PBXGroup;
			children = (
				3CD9F65F1778A52700BB009E /* PatternHunt-Info.plist */,
				3CD9F6601778A52700BB009E /* InfoPlist.strings */,
				3CD9F6631778A52700BB009E /* main.m */,
				3CD9F6651778A52700BB009E /* PatternHunt-Prefix.pch */,
				3CD9F6691778A52700BB009E /* Default.png */,
				3CD9F66B1778A52700BB009E /* Default@2x.png */,
				3CD9F66D1778A52700BB009E /* Default-568h@2x.png */,
			);
			name = "Supporting Files";
			sourceTree = "<group>";
		};
		B520951A19A606EB00910771 /* sounds */ = {
			isa = PBXGroup;
			children = (
				B520951819A606E700910771 /* menu.m4a */,
			);
			name = sounds;
			sourceTree = "<group>";
		};
		B552F64F17C35C740031AF34 /* tiles */ = {
			isa = PBXGroup;
			children = (
				B520951619A601F700910771 /* blackTile.png */,
				B5B9BCD6199BA29B0061E821 /* blueTile.png */,
				B5B9BCD7199BA29B0061E821 /* greenTile.png */,
				B5B9BCD8199BA29B0061E821 /* orangeTile.png */,
				B5B9BCD9199BA29B0061E821 /* redTile.png */,
				B52B1D291848E86500398BA9 /* purpleTile.png */,
			);
			name = tiles;
			sourceTree = "<group>";
		};
		B5981AC419A26D71001EE0C2 /* Game Over Panel */ = {
			isa = PBXGroup;
			children = (
				B5981AC519A29A76001EE0C2 /* centerStarEmpty.png */,
				B5981AC619A29A76001EE0C2 /* centerStarFull.png */,
				B5981AC719A29A76001EE0C2 /* gameover.png */,
				B5981AC819A29A76001EE0C2 /* leftStarEmpty.png */,
				B5981AC919A29A76001EE0C2 /* leftStarFull.png */,
				B5981ACA19A29A76001EE0C2 /* rightStarEmpty.png */,
				B5981ACB19A29A76001EE0C2 /* rightStarFull.png */,
			);
			name = "Game Over Panel";
			sourceTree = "<group>";
		};
		B5B9BCE4199BAC5B0061E821 /* scene */ = {
			isa = PBXGroup;
			children = (
				B5981AD319A3BF83001EE0C2 /* quest.png */,
				B5981AC419A26D71001EE0C2 /* Game Over Panel */,
				B512F1B0199D0AF9001BC8DB /* panel.png */,
				B512F1AE199D0783001BC8DB /* restartButton.png */,
				B512F1AA199D01F5001BC8DB /* menuButton.png */,
				B512F1AB199D01F5001BC8DB /* playButton.png */,
				B512F1A8199CFFCE001BC8DB /* pauseMenu.png */,
				B5B9BCF1199BB87F0061E821 /* pauseButton.png */,
				B5B9BCE5199BAEAC0061E821 /* leaderboardButton.png */,
				B5B9BCE6199BAEAC0061E821 /* multiplayerButton.png */,
				B5B9BCE7199BAEAC0061E821 /* muteOffButton.png */,
				B5B9BCE8199BAEAC0061E821 /* muteOnButton.png */,
				B5B9BCE9199BAEAC0061E821 /* singleButton.png */,
				B5B9BCDE199BAC570061E821 /* background.png */,
				B5B9BCDF199BAC570061E821 /* headerLogo.png */,
			);
			name = scene;
			sourceTree = "<group>";
		};
		B5B9BCF3199BB93D0061E821 /* others */ = {
			isa = PBXGroup;
			children = (
				B5B9BCF4199BB9570061E821 /* CarterOne.ttf */,
				B5ABBF821992BA1000BE6F84 /* stroke.png */,
			);
			name = others;
			sourceTree = "<group>";
		};
		B5CC116E17972945006BB1F6 /* resources */ = {
			isa = PBXGroup;
			children = (
				B520951A19A606EB00910771 /* sounds */,
				B552F64F17C35C740031AF34 /* tiles */,
				B5B9BCE4199BAC5B0061E821 /* scene */,
				B5B9BCF3199BB93D0061E821 /* others */,
				B59E64C318EBE97800B77E4E /* wood_bg.jpg */,
				B52C73A118CBC6F80004ED33 /* patternMenuMusic.aif */,
				B505A9B3179FBAD0007ADADA /* bg2.png */,
				B5CC116F17972952006BB1F6 /* bos_kadran.png */,
				B5CC117017972952006BB1F6 /* meter_Icon.png */,
			);
			name = resources;
			sourceTree = "<group>";
		};
/* End PBXGroup section */

/* Begin PBXNativeTarget section */
		3CD9F6531778A52700BB009E /* PatternHunt */ = {
			isa = PBXNativeTarget;
			buildConfigurationList = 3CD9F6771778A52700BB009E /* Build configuration list for PBXNativeTarget "PatternHunt" */;
			buildPhases = (
				3CD9F6501778A52700BB009E /* Sources */,
				3CD9F6511778A52700BB009E /* Frameworks */,
				3CD9F6521778A52700BB009E /* Resources */,
			);
			buildRules = (
			);
			dependencies = (
			);
			name = PatternHunt;
			productName = PatternHunt;
			productReference = 3CD9F6541778A52700BB009E /* PatternHunt.app */;
			productType = "com.apple.product-type.application";
		};
/* End PBXNativeTarget section */

/* Begin PBXProject section */
		3CD9F64C1778A52700BB009E /* Project object */ = {
			isa = PBXProject;
			attributes = {
				LastUpgradeCheck = 0460;
				ORGANIZATIONNAME = "alp keser";
				TargetAttributes = {
					3CD9F6531778A52700BB009E = {
						DevelopmentTeam = WCG9HNJRTD;
						SystemCapabilities = {
							com.apple.GameCenter = {
								enabled = 1;
							};
							com.apple.InAppPurchase = {
								enabled = 1;
							};
						};
					};
				};
			};
			buildConfigurationList = 3CD9F64F1778A52700BB009E /* Build configuration list for PBXProject "PatternHunt" */;
			compatibilityVersion = "Xcode 3.2";
			developmentRegion = English;
			hasScannedForEncodings = 0;
			knownRegions = (
				en,
			);
			mainGroup = 3CD9F64B1778A52700BB009E;
			productRefGroup = 3CD9F6551778A52700BB009E /* Products */;
			projectDirPath = "";
			projectRoot = "";
			targets = (
				3CD9F6531778A52700BB009E /* PatternHunt */,
			);
		};
/* End PBXProject section */

/* Begin PBXResourcesBuildPhase section */
		3CD9F6521778A52700BB009E /* Resources */ = {
			isa = PBXResourcesBuildPhase;
			buildActionMask = 2147483647;
			files = (
				B5981ACF19A29A76001EE0C2 /* leftStarEmpty.png in Resources */,
				B512F1A9199CFFCE001BC8DB /* pauseMenu.png in Resources */,
				B5B9BCDC199BA29B0061E821 /* orangeTile.png in Resources */,
				B5B9BCEE199BAEAC0061E821 /* singleButton.png in Resources */,
				B5B9BCE1199BAC570061E821 /* background.png in Resources */,
				3CD9F6621778A52700BB009E /* InfoPlist.strings in Resources */,
				B512F1AF199D0783001BC8DB /* restartButton.png in Resources */,
				B5B9BCF5199BBA500061E821 /* CarterOne.ttf in Resources */,
				B512F1AC199D01F5001BC8DB /* menuButton.png in Resources */,
				B5ABBF831992BA1000BE6F84 /* stroke.png in Resources */,
				B5981AD019A29A76001EE0C2 /* leftStarFull.png in Resources */,
				B5CC117117972952006BB1F6 /* bos_kadran.png in Resources */,
				B512F1AD199D01F5001BC8DB /* playButton.png in Resources */,
				B505A9B4179FBAD0007ADADA /* bg2.png in Resources */,
				B512F1B1199D0AF9001BC8DB /* panel.png in Resources */,
				B5981ACD19A29A76001EE0C2 /* centerStarFull.png in Resources */,
				B5981AD219A29A76001EE0C2 /* rightStarFull.png in Resources */,
				B5B9BCED199BAEAC0061E821 /* muteOnButton.png in Resources */,
				B5B9BCF2199BB87F0061E821 /* pauseButton.png in Resources */,
				B5981AD119A29A76001EE0C2 /* rightStarEmpty.png in Resources */,
				B5B9BCEA199BAEAC0061E821 /* leaderboardButton.png in Resources */,
				B5B9BCDD199BA29B0061E821 /* redTile.png in Resources */,
				B5B9BCEB199BAEAC0061E821 /* multiplayerButton.png in Resources */,
				B5CC117217972952006BB1F6 /* meter_Icon.png in Resources */,
				3CD9F66A1778A52700BB009E /* Default.png in Resources */,
				B520951919A606E700910771 /* menu.m4a in Resources */,
				B52C73A218CBC6F80004ED33 /* patternMenuMusic.aif in Resources */,
				B52B1D2E1848E86500398BA9 /* purpleTile.png in Resources */,
				B5B9BCE2199BAC570061E821 /* headerLogo.png in Resources */,
				B5B9BCDB199BA29B0061E821 /* greenTile.png in Resources */,
				B520951719A601F700910771 /* blackTile.png in Resources */,
				B51CE49E1929564900CF7AAE /* Images.xcassets in Resources */,
				B56BEE7E19A4E95900711D61 /* QuestsList.plist in Resources */,
				3CD9F66C1778A52700BB009E /* Default@2x.png in Resources */,
				3CD9F66E1778A52700BB009E /* Default-568h@2x.png in Resources */,
				B5B9BCDA199BA29B0061E821 /* blueTile.png in Resources */,
				B59E64C418EBE97800B77E4E /* wood_bg.jpg in Resources */,
				3CD9F6711778A52700BB009E /* MainStoryboard.storyboard in Resources */,
				B5981ACE19A29A76001EE0C2 /* gameover.png in Resources */,
				B5B9BCEC199BAEAC0061E821 /* muteOffButton.png in Resources */,
				B5981ACC19A29A76001EE0C2 /* centerStarEmpty.png in Resources */,
				B5981AD419A3BF83001EE0C2 /* quest.png in Resources */,
			);
			runOnlyForDeploymentPostprocessing = 0;
		};
/* End PBXResourcesBuildPhase section */

/* Begin PBXSourcesBuildPhase section */
		3CD9F6501778A52700BB009E /* Sources */ = {
			isa = PBXSourcesBuildPhase;
			buildActionMask = 2147483647;
			files = (
				B5E6678118B372DC009835B4 /* User.m in Sources */,
				3C7A2B00177A508500099873 /* PHTileFactory.m in Sources */,
				3CD9F6641778A52700BB009E /* main.m in Sources */,
				B5C9486D17A65D15008EBCC6 /* ScoreBoardNode.m in Sources */,
				B5A72007179DDEDA00F88EFB /* LevelManager.m in Sources */,
				B520951D19A6083100910771 /* MusicManager.m in Sources */,
				3C7A2AEE177A47F500099873 /* MenuScene.m in Sources */,
				3C7A2B04177A582100099873 /* PHProperties.m in Sources */,
				B56BEE7919A4DD9300711D61 /* DataManager.m in Sources */,
				B58DC5E618CE896500CD9D38 /* NetworkHelper.m in Sources */,
				B51DE9EF17CB0D840079468C /* SummaryScene.m in Sources */,
				B56BEE7C19A4DE7300711D61 /* Quest.m in Sources */,
				B5466E1F184BC1EE003D0748 /* PHPattern.m in Sources */,
				B5E6677E18B3724E009835B4 /* GCHelper.m in Sources */,
				B5981AD719A3CC47001EE0C2 /* PatternData.xcdatamodeld in Sources */,
				3C7A2AF1177A499B00099873 /* GameScene.m in Sources */,
				3C7A2AFA177A4EA700099873 /* PHTile.m in Sources */,
				3CD9F6681778A52700BB009E /* AppDelegate.m in Sources */,
				3CD9F6741778A52700BB009E /* ViewController.m in Sources */,
				3C7A2AFD177A4FFD00099873 /* PHCorridor.m in Sources */,
			);
			runOnlyForDeploymentPostprocessing = 0;
		};
/* End PBXSourcesBuildPhase section */

/* Begin PBXVariantGroup section */
		3CD9F6601778A52700BB009E /* InfoPlist.strings */ = {
			isa = PBXVariantGroup;
			children = (
				3CD9F6611778A52700BB009E /* en */,
			);
			name = InfoPlist.strings;
			sourceTree = "<group>";
		};
		3CD9F66F1778A52700BB009E /* MainStoryboard.storyboard */ = {
			isa = PBXVariantGroup;
			children = (
				3CD9F6701778A52700BB009E /* en */,
			);
			name = MainStoryboard.storyboard;
			sourceTree = "<group>";
		};
/* End PBXVariantGroup section */

/* Begin XCBuildConfiguration section */
		3CD9F6751778A52700BB009E /* Debug */ = {
			isa = XCBuildConfiguration;
			buildSettings = {
				ALWAYS_SEARCH_USER_PATHS = NO;
				CLANG_CXX_LANGUAGE_STANDARD = "gnu++0x";
				CLANG_CXX_LIBRARY = "libc++";
				CLANG_ENABLE_OBJC_ARC = YES;
				CLANG_WARN_CONSTANT_CONVERSION = YES;
				CLANG_WARN_EMPTY_BODY = YES;
				CLANG_WARN_ENUM_CONVERSION = YES;
				CLANG_WARN_INT_CONVERSION = YES;
				CLANG_WARN__DUPLICATE_METHOD_MATCH = YES;
				CODE_SIGN_IDENTITY = "iPhone Developer: Yusuf Alp Keser (LP6A5N9ED4)";
				"CODE_SIGN_IDENTITY[sdk=iphoneos*]" = "iPhone Developer: Yusuf Alp Keser (LP6A5N9ED4)";
				COPY_PHASE_STRIP = NO;
				GCC_C_LANGUAGE_STANDARD = gnu99;
				GCC_DYNAMIC_NO_PIC = NO;
				GCC_OPTIMIZATION_LEVEL = 0;
				GCC_PREPROCESSOR_DEFINITIONS = (
					"DEBUG=1",
					"$(inherited)",
				);
				GCC_SYMBOLS_PRIVATE_EXTERN = NO;
				GCC_WARN_ABOUT_RETURN_TYPE = YES;
				GCC_WARN_UNINITIALIZED_AUTOS = YES;
				GCC_WARN_UNUSED_VARIABLE = YES;
				IPHONEOS_DEPLOYMENT_TARGET = 7.1;
				ONLY_ACTIVE_ARCH = YES;
				PROVISIONING_PROFILE = "38EFE40C-BABA-40CB-8095-B75D90913D94";
				SDKROOT = iphoneos;
			};
			name = Debug;
		};
		3CD9F6761778A52700BB009E /* Release */ = {
			isa = XCBuildConfiguration;
			buildSettings = {
				ALWAYS_SEARCH_USER_PATHS = NO;
				CLANG_CXX_LANGUAGE_STANDARD = "gnu++0x";
				CLANG_CXX_LIBRARY = "libc++";
				CLANG_ENABLE_OBJC_ARC = YES;
				CLANG_WARN_CONSTANT_CONVERSION = YES;
				CLANG_WARN_EMPTY_BODY = YES;
				CLANG_WARN_ENUM_CONVERSION = YES;
				CLANG_WARN_INT_CONVERSION = YES;
				CLANG_WARN__DUPLICATE_METHOD_MATCH = YES;
				CODE_SIGN_IDENTITY = "iPhone Developer: Yusuf Alp Keser (LP6A5N9ED4)";
				"CODE_SIGN_IDENTITY[sdk=iphoneos*]" = "iPhone Developer: Yusuf Alp Keser (LP6A5N9ED4)";
				COPY_PHASE_STRIP = YES;
				GCC_C_LANGUAGE_STANDARD = gnu99;
				GCC_WARN_ABOUT_RETURN_TYPE = YES;
				GCC_WARN_UNINITIALIZED_AUTOS = YES;
				GCC_WARN_UNUSED_VARIABLE = YES;
				IPHONEOS_DEPLOYMENT_TARGET = 7.1;
				ONLY_ACTIVE_ARCH = YES;
				OTHER_CFLAGS = "-DNS_BLOCK_ASSERTIONS=1";
				PROVISIONING_PROFILE = "38EFE40C-BABA-40CB-8095-B75D90913D94";
				SDKROOT = iphoneos;
				VALIDATE_PRODUCT = YES;
			};
			name = Release;
		};
		3CD9F6781778A52700BB009E /* Debug */ = {
			isa = XCBuildConfiguration;
			buildSettings = {
				ASSETCATALOG_COMPILER_APPICON_NAME = AppIcon;
				ASSETCATALOG_COMPILER_LAUNCHIMAGE_NAME = LaunchImage;
				CODE_SIGN_IDENTITY = "iPhone Developer";
				"CODE_SIGN_IDENTITY[sdk=iphoneos*]" = "iPhone Developer";
				GCC_PRECOMPILE_PREFIX_HEADER = YES;
				GCC_PREFIX_HEADER = "PatternHunt/PatternHunt-Prefix.pch";
				INFOPLIST_FILE = "PatternHunt/PatternHunt-Info.plist";
				IPHONEOS_DEPLOYMENT_TARGET = 7.0;
				ONLY_ACTIVE_ARCH = NO;
				PRODUCT_NAME = PatternHunt;
				PROVISIONING_PROFILE = "";
				SDKROOT = iphoneos;
				TARGETED_DEVICE_FAMILY = "1,2";
				WRAPPER_EXTENSION = app;
			};
			name = Debug;
		};
		3CD9F6791778A52700BB009E /* Release */ = {
			isa = XCBuildConfiguration;
			buildSettings = {
				ASSETCATALOG_COMPILER_APPICON_NAME = AppIcon;
				ASSETCATALOG_COMPILER_LAUNCHIMAGE_NAME = LaunchImage;
				CODE_SIGN_IDENTITY = "iPhone Developer";
				"CODE_SIGN_IDENTITY[sdk=iphoneos*]" = "iPhone Developer";
				GCC_PRECOMPILE_PREFIX_HEADER = YES;
				GCC_PREFIX_HEADER = "PatternHunt/PatternHunt-Prefix.pch";
				INFOPLIST_FILE = "PatternHunt/PatternHunt-Info.plist";
				IPHONEOS_DEPLOYMENT_TARGET = 7.0;
				ONLY_ACTIVE_ARCH = NO;
				PRODUCT_NAME = PatternHunt;
				PROVISIONING_PROFILE = "";
				SDKROOT = iphoneos;
				TARGETED_DEVICE_FAMILY = "1,2";
				WRAPPER_EXTENSION = app;
			};
			name = Release;
		};
/* End XCBuildConfiguration section */

/* Begin XCConfigurationList section */
		3CD9F64F1778A52700BB009E /* Build configuration list for PBXProject "PatternHunt" */ = {
			isa = XCConfigurationList;
			buildConfigurations = (
				3CD9F6751778A52700BB009E /* Debug */,
				3CD9F6761778A52700BB009E /* Release */,
			);
			defaultConfigurationIsVisible = 0;
			defaultConfigurationName = Release;
		};
		3CD9F6771778A52700BB009E /* Build configuration list for PBXNativeTarget "PatternHunt" */ = {
			isa = XCConfigurationList;
			buildConfigurations = (
				3CD9F6781778A52700BB009E /* Debug */,
				3CD9F6791778A52700BB009E /* Release */,
			);
			defaultConfigurationIsVisible = 0;
			defaultConfigurationName = Release;
		};
/* End XCConfigurationList section */

/* Begin XCVersionGroup section */
		B5981AD519A3CC47001EE0C2 /* PatternData.xcdatamodeld */ = {
			isa = XCVersionGroup;
			children = (
				B5981AD619A3CC47001EE0C2 /* PatternData.xcdatamodel */,
			);
			currentVersion = B5981AD619A3CC47001EE0C2 /* PatternData.xcdatamodel */;
			path = PatternData.xcdatamodeld;
			sourceTree = "<group>";
			versionGroupType = wrapper.xcdatamodel;
		};
/* End XCVersionGroup section */
	};
	rootObject = 3CD9F64C1778A52700BB009E /* Project object */;
}
